
Microsoft Visual Studio Solution File, Format Version 12.00
# Visual Studio Version 17
VisualStudioVersion = 17.9.34616.47
MinimumVisualStudioVersion = 10.0.40219.1
Project("{2150E333-8FDC-42A3-9474-1A3956D46DE8}") = "main.css", "main.css", "{4A58490C-9A65-41A5-9280-6BE254079504}"
	ProjectSection(SolutionItems) = preProject
		index.html = index.html
		styles.css = styles.css
	EndProjectSection
EndProject
Project("{2150E333-8FDC-42A3-9474-1A3956D46DE8}") = "images", "images", "{BEE631BE-3857-487B-A5AB-BA02A683F9F4}"
	ProjectSection(SolutionItems) = preProject
		images\bgBBQ.jpg = images\bgBBQ.jpg
		imagesss\file.jpg = imagesss\file.jpg
		..\..\..\..\Pictures\Screenshots\kramnycia.png = ..\..\..\..\Pictures\Screenshots\kramnycia.png
		imagesss\main.jpg = imagesss\main.jpg
		imagesss\mapa.png = imagesss\mapa.png
		imagesss\photo_2024-10-23_11-42-28.jpg = imagesss\photo_2024-10-23_11-42-28.jpg
		imagesss\rebra.jpg = imagesss\rebra.jpg
		images\poster.png = images\poster.png
		imagesss\полядвиця.png = imagesss\полядвиця.png
		images\vidos.MP4 = images\vidos.MP4
		imagesss\стейк.jpg = imagesss\стейк.jpg
		imagesss\шия.jpg = imagesss\шия.jpg
	EndProjectSection
EndProject
Global
	GlobalSection(SolutionProperties) = preSolution
		HideSolutionNode = FALSE
	EndGlobalSection
	GlobalSection(NestedProjects) = preSolution
		{BEE631BE-3857-487B-A5AB-BA02A683F9F4} = {4A58490C-9A65-41A5-9280-6BE254079504}
	EndGlobalSection
	GlobalSection(ExtensibilityGlobals) = postSolution
		SolutionGuid = {2A79D744-1761-4539-8584-853B7D83E1BA}
	EndGlobalSection
EndGlobal
